
Microsoft Visual Studio Solution File, Format Version 12.00
# Visual Studio Version 16
VisualStudioVersion = 16.0.29609.76
MinimumVisualStudioVersion = 10.0.40219.1
Project("{FAE04EC0-301F-11D3-BF4B-00C04F79EFBC}") = "event_registrator", "event_registrator\event_registrator.csproj", "{4E9A910E-8749-44B0-95D2-4C79F35F9B5F}"
EndProject
Global
	GlobalSection(SolutionConfigurationPlatforms) = preSolution
		Debug|Any CPU = Debug|Any CPU
		Release|Any CPU = Release|Any CPU
	EndGlobalSection
	GlobalSection(ProjectConfigurationPlatforms) = postSolution
		{4E9A910E-8749-44B0-95D2-4C79F35F9B5F}.Debug|Any CPU.ActiveCfg = Debug|Any CPU
		{4E9A910E-8749-44B0-95D2-4C79F35F9B5F}.Debug|Any CPU.Build.0 = Debug|Any CPU
		{4E9A910E-8749-44B0-95D2-4C79F35F9B5F}.Release|Any CPU.ActiveCfg = Release|Any CPU
		{4E9A910E-8749-44B0-95D2-4C79F35F9B5F}.Release|Any CPU.Build.0 = Release|Any CPU
	EndGlobalSection
	GlobalSection(SolutionProperties) = preSolution
		HideSolutionNode = FALSE
	EndGlobalSection
	GlobalSection(ExtensibilityGlobals) = postSolution
		SolutionGuid = {D3851078-6D5C-463F-8B33-0F4780693CD5}
	EndGlobalSection
EndGlobal
